// !$*UTF8*$!
{
	archiveVersion = 1;
	classes = {
	};
	objectVersion = 77;
	objects = {

/* Begin PBXBuildFile section */
		7585F45B2FB9B86400129B0C /* CmccSDK.bundle in Resources */ = {isa = PBXBuildFile; fileRef = 7585F4592FB9B86400129B0C /* CmccSDK.bundle */; };
		7585F45C2FB9B86400129B0C /* CmccSDK.framework in Frameworks */ = {isa = PBXBuildFile; fileRef = 7585F45A2FB9B86400129B0C /* CmccSDK.framework */; };
		75B3EE0E2FB9D5DE001A3B16 /* AVFoundation.framework in Frameworks */ = {isa = PBXBuildFile; fileRef = 75B3EE0D2FB9D5DE001A3B16 /* AVFoundation.framework */; };
		75B3EE102FB9D5E5001A3B16 /* AudioToolbox.framework in Frameworks */ = {isa = PBXBuildFile; fileRef = 75B3EE0F2FB9D5E5001A3B16 /* AudioToolbox.framework */; };
		75B3EE122FB9D5F4001A3B16 /* CoreLocation.framework in Frameworks */ = {isa = PBXBuildFile; fileRef = 75B3EE112FB9D5F4001A3B16 /* CoreLocation.framework */; };
		94B6952BDDF1E88D7C8A331B /* libPods-poclink-app.a in Frameworks */ = {isa = PBXBuildFile; fileRef = 15C36C54AB95CFFED74A3B5D /* libPods-poclink-app.a */; };
		AFCA9A2877277B6BE54EE6EF /* PrivacyInfo.xcprivacy in Resources */ = {isa = PBXBuildFile; fileRef = 0E6EAE9EB059353074DA2503 /* PrivacyInfo.xcprivacy */; };
/* End PBXBuildFile section */

/* Begin PBXFileReference section */
		0E6EAE9EB059353074DA2503 /* PrivacyInfo.xcprivacy */ = {isa = PBXFileReference; includeInIndex = 1; lastKnownFileType = text.xml; path = PrivacyInfo.xcprivacy; sourceTree = "<group>"; };
		0F4BFFE6CCB8E792774A6E76 /* Pods-poclink-app.debug.xcconfig */ = {isa = PBXFileReference; includeInIndex = 1; lastKnownFileType = text.xcconfig; name = "Pods-poclink-app.debug.xcconfig"; path = "Target Support Files/Pods-poclink-app/Pods-poclink-app.debug.xcconfig"; sourceTree = "<group>"; };
		15C36C54AB95CFFED74A3B5D /* libPods-poclink-app.a */ = {isa = PBXFileReference; explicitFileType = archive.ar; includeInIndex = 0; path = "libPods-poclink-app.a"; sourceTree = BUILT_PRODUCTS_DIR; };
		7585F43C2FB9B6B700129B0C /* poclink-app.app */ = {isa = PBXFileReference; explicitFileType = wrapper.application; includeInIndex = 0; path = "poclink-app.app"; sourceTree = BUILT_PRODUCTS_DIR; };
		7585F4592FB9B86400129B0C /* CmccSDK.bundle */ = {isa = PBXFileReference; lastKnownFileType = "wrapper.plug-in"; path = CmccSDK.bundle; sourceTree = "<group>"; };
		7585F45A2FB9B86400129B0C /* CmccSDK.framework */ = {isa = PBXFileReference; lastKnownFileType = wrapper.framework; path = CmccSDK.framework; sourceTree = "<group>"; };
		75B3EE0D2FB9D5DE001A3B16 /* AVFoundation.framework */ = {isa = PBXFileReference; lastKnownFileType = wrapper.framework; name = AVFoundation.framework; path = System/Library/Frameworks/AVFoundation.framework; sourceTree = SDKROOT; };
		75B3EE0F2FB9D5E5001A3B16 /* AudioToolbox.framework */ = {isa = PBXFileReference; lastKnownFileType = wrapper.framework; name = AudioToolbox.framework; path = System/Library/Frameworks/AudioToolbox.framework; sourceTree = SDKROOT; };
		75B3EE112FB9D5F4001A3B16 /* CoreLocation.framework */ = {isa = PBXFileReference; lastKnownFileType = wrapper.framework; name = CoreLocation.framework; path = System/Library/Frameworks/CoreLocation.framework; sourceTree = SDKROOT; };
		EEA8675744585D10E9864ED7 /* Pods-poclink-app.release.xcconfig */ = {isa = PBXFileReference; includeInIndex = 1; lastKnownFileType = text.xcconfig; name = "Pods-poclink-app.release.xcconfig"; path = "Target Support Files/Pods-poclink-app/Pods-poclink-app.release.xcconfig"; sourceTree = "<group>"; };
/* End PBXFileReference section */

/* Begin PBXFileSystemSynchronizedBuildFileExceptionSet section */
		7585F4532FB9B6BF00129B0C /* Exceptions for "poclink-app" folder in "poclink-app" target */ = {
			isa = PBXFileSystemSynchronizedBuildFileExceptionSet;
			membershipExceptions = (
				Info.plist,
			);
			target = 7585F43B2FB9B6B700129B0C /* poclink-app */;
		};
/* End PBXFileSystemSynchronizedBuildFileExceptionSet section */

/* Begin PBXFileSystemSynchronizedRootGroup section */
		7585F43E2FB9B6B700129B0C /* poclink-app */ = {
			isa = PBXFileSystemSynchronizedRootGroup;
			exceptions = (
				7585F4532FB9B6BF00129B0C /* Exceptions for "poclink-app" folder in "poclink-app" target */,
			);
			path = "poclink-app";
			sourceTree = "<group>";
		};
/* End PBXFileSystemSynchronizedRootGroup section */

/* Begin PBXFrameworksBuildPhase section */
		7585F4392FB9B6B700129B0C /* Frameworks */ = {
			isa = PBXFrameworksBuildPhase;
			buildActionMask = 2147483647;
			files = (
				75B3EE0E2FB9D5DE001A3B16 /* AVFoundation.framework in Frameworks */,
				75B3EE122FB9D5F4001A3B16 /* CoreLocation.framework in Frameworks */,
				75B3EE102FB9D5E5001A3B16 /* AudioToolbox.framework in Frameworks */,
				7585F45C2FB9B86400129B0C /* CmccSDK.framework in Frameworks */,
				94B6952BDDF1E88D7C8A331B /* libPods-poclink-app.a in Frameworks */,
			);
			runOnlyForDeploymentPostprocessing = 0;
		};
/* End PBXFrameworksBuildPhase section */

/* Begin PBXGroup section */
		3C61BCA88283788C8595D3E8 /* Pods */ = {
			isa = PBXGroup;
			children = (
				0F4BFFE6CCB8E792774A6E76 /* Pods-poclink-app.debug.xcconfig */,
				EEA8675744585D10E9864ED7 /* Pods-poclink-app.release.xcconfig */,
			);
			path = Pods;
			sourceTree = "<group>";
		};
		7585F4332FB9B6B700129B0C = {
			isa = PBXGroup;
			children = (
				7585F45D2FB9B89400129B0C /* Frameworks */,
				7585F43E2FB9B6B700129B0C /* poclink-app */,
				7585F43D2FB9B6B700129B0C /* Products */,
				3C61BCA88283788C8595D3E8 /* Pods */,
				0E6EAE9EB059353074DA2503 /* PrivacyInfo.xcprivacy */,
			);
			sourceTree = "<group>";
		};
		7585F43D2FB9B6B700129B0C /* Products */ = {
			isa = PBXGroup;
			children = (
				7585F43C2FB9B6B700129B0C /* poclink-app.app */,
			);
			name = Products;
			sourceTree = "<group>";
		};
		7585F45D2FB9B89400129B0C /* Frameworks */ = {
			isa = PBXGroup;
			children = (
				75B3EE112FB9D5F4001A3B16 /* CoreLocation.framework */,
				75B3EE0F2FB9D5E5001A3B16 /* AudioToolbox.framework */,
				75B3EE0D2FB9D5DE001A3B16 /* AVFoundation.framework */,
				7585F4592FB9B86400129B0C /* CmccSDK.bundle */,
				7585F45A2FB9B86400129B0C /* CmccSDK.framework */,
				15C36C54AB95CFFED74A3B5D /* libPods-poclink-app.a */,
			);
			path = Frameworks;
			sourceTree = "<group>";
		};
/* End PBXGroup section */

/* Begin PBXNativeTarget section */
		7585F43B2FB9B6B700129B0C /* poclink-app */ = {
			isa = PBXNativeTarget;
			buildConfigurationList = 7585F4542FB9B6BF00129B0C /* Build configuration list for PBXNativeTarget "poclink-app" */;
			buildPhases = (
				61F6C19E326EA1669321B4A8 /* [CP] Check Pods Manifest.lock */,
				7585F4382FB9B6B700129B0C /* Sources */,
				7585F4392FB9B6B700129B0C /* Frameworks */,
				7585F43A2FB9B6B700129B0C /* Resources */,
				D4298CC4F1B6C692E591102A /* [CP] Embed Pods Frameworks */,
				5360BA80D59C037469891721 /* [CP] Copy Pods Resources */,
				75B3EE142FB9E1C6001A3B16 /* Bundle React Native code and images */,
			);
			buildRules = (
			);
			dependencies = (
			);
			fileSystemSynchronizedGroups = (
				7585F43E2FB9B6B700129B0C /* poclink-app */,
			);
			name = "poclink-app";
			productName = "poclink-app";
			productReference = 7585F43C2FB9B6B700129B0C /* poclink-app.app */;
			productType = "com.apple.product-type.application";
		};
/* End PBXNativeTarget section */

/* Begin PBXProject section */
		7585F4342FB9B6B700129B0C /* Project object */ = {
			isa = PBXProject;
			attributes = {
				BuildIndependentTargetsInParallel = 1;
				LastUpgradeCheck = 2630;
				TargetAttributes = {
					7585F43B2FB9B6B700129B0C = {
						CreatedOnToolsVersion = 26.3;
					};
				};
			};
			buildConfigurationList = 7585F4372FB9B6B700129B0C /* Build configuration list for PBXProject "poclink-app" */;
			developmentRegion = en;
			hasScannedForEncodings = 0;
			knownRegions = (
				en,
				Base,
			);
			mainGroup = 7585F4332FB9B6B700129B0C;
			minimizedProjectReferenceProxies = 1;
			preferredProjectObjectVersion = 77;
			productRefGroup = 7585F43D2FB9B6B700129B0C /* Products */;
			projectDirPath = "";
			projectRoot = "";
			targets = (
				7585F43B2FB9B6B700129B0C /* poclink-app */,
			);
		};
/* End PBXProject section */

/* Begin PBXResourcesBuildPhase section */
		7585F43A2FB9B6B700129B0C /* Resources */ = {
			isa = PBXResourcesBuildPhase;
			buildActionMask = 2147483647;
			files = (
				7585F45B2FB9B86400129B0C /* CmccSDK.bundle in Resources */,
				AFCA9A2877277B6BE54EE6EF /* PrivacyInfo.xcprivacy in Resources */,
			);
			runOnlyForDeploymentPostprocessing = 0;
		};
/* End PBXResourcesBuildPhase section */

/* Begin PBXShellScriptBuildPhase section */
		5360BA80D59C037469891721 /* [CP] Copy Pods Resources */ = {
			isa = PBXShellScriptBuildPhase;
			buildActionMask = 2147483647;
			files = (
			);
			inputFileListPaths = (
				"${PODS_ROOT}/Target Support Files/Pods-poclink-app/Pods-poclink-app-resources-${CONFIGURATION}-input-files.xcfilelist",
			);
			name = "[CP] Copy Pods Resources";
			outputFileListPaths = (
				"${PODS_ROOT}/Target Support Files/Pods-poclink-app/Pods-poclink-app-resources-${CONFIGURATION}-output-files.xcfilelist",
			);
			runOnlyForDeploymentPostprocessing = 0;
			shellPath = /bin/sh;
			shellScript = "\"${PODS_ROOT}/Target Support Files/Pods-poclink-app/Pods-poclink-app-resources.sh\"\n";
			showEnvVarsInLog = 0;
		};
		61F6C19E326EA1669321B4A8 /* [CP] Check Pods Manifest.lock */ = {
			isa = PBXShellScriptBuildPhase;
			buildActionMask = 2147483647;
			files = (
			);
			inputFileListPaths = (
			);
			inputPaths = (
				"${PODS_PODFILE_DIR_PATH}/Podfile.lock",
				"${PODS_ROOT}/Manifest.lock",
			);
			name = "[CP] Check Pods Manifest.lock";
			outputFileListPaths = (
			);
			outputPaths = (
				"$(DERIVED_FILE_DIR)/Pods-poclink-app-checkManifestLockResult.txt",
			);
			runOnlyForDeploymentPostprocessing = 0;
			shellPath = /bin/sh;
			shellScript = "diff \"${PODS_PODFILE_DIR_PATH}/Podfile.lock\" \"${PODS_ROOT}/Manifest.lock\" > /dev/null\nif [ $? != 0 ] ; then\n    # print error to STDERR\n    echo \"error: The sandbox is not in sync with the Podfile.lock. Run 'pod install' or update your CocoaPods installation.\" >&2\n    exit 1\nfi\n# This output is used by Xcode 'outputs' to avoid re-running this script phase.\necho \"SUCCESS\" > \"${SCRIPT_OUTPUT_FILE_0}\"\n";
			showEnvVarsInLog = 0;
		};
		D4298CC4F1B6C692E591102A /* [CP] Embed Pods Frameworks */ = {
			isa = PBXShellScriptBuildPhase;
			buildActionMask = 2147483647;
			files = (
			);
			inputFileListPaths = (
				"${PODS_ROOT}/Target Support Files/Pods-poclink-app/Pods-poclink-app-frameworks-${CONFIGURATION}-input-files.xcfilelist",
			);
			name = "[CP] Embed Pods Frameworks";
			outputFileListPaths = (
				"${PODS_ROOT}/Target Support Files/Pods-poclink-app/Pods-poclink-app-frameworks-${CONFIGURATION}-output-files.xcfilelist",
			);
			runOnlyForDeploymentPostprocessing = 0;
			shellPath = /bin/sh;
			shellScript = "\"${PODS_ROOT}/Target Support Files/Pods-poclink-app/Pods-poclink-app-frameworks.sh\"\n";
			showEnvVarsInLog = 0;
		};
		75B3EE142FB9E1C6001A3B16 /* Bundle React Native code and images */ = {
			isa = PBXShellScriptBuildPhase;
			alwaysOutOfDate = 1;
			buildActionMask = 2147483647;
			files = (
			);
			inputPaths = (
			);
			name = "Bundle React Native code and images";
			outputPaths = (
			);
			runOnlyForDeploymentPostprocessing = 0;
			shellPath = /bin/sh;
			shellScript = "export PROJECT_ROOT=\"${PROJECT_DIR}/../poclink-js\"\nexport ENTRY_FILE=\"index.js\"\nWITH_ENVIRONMENT=\"${REACT_NATIVE_PATH}/scripts/xcode/with-environment.sh\"\nREACT_NATIVE_XCODE=\"${REACT_NATIVE_PATH}/scripts/react-native-xcode.sh\"\n/bin/sh -c \"\\\"$WITH_ENVIRONMENT\\\" \\\"$REACT_NATIVE_XCODE\\\"\"\n";
		};
/* End PBXShellScriptBuildPhase section */

/* Begin PBXSourcesBuildPhase section */
		7585F4382FB9B6B700129B0C /* Sources */ = {
			isa = PBXSourcesBuildPhase;
			buildActionMask = 2147483647;
			files = (
			);
			runOnlyForDeploymentPostprocessing = 0;
		};
/* End PBXSourcesBuildPhase section */

/* Begin XCBuildConfiguration section */
		7585F4552FB9B6BF00129B0C /* Debug */ = {
			isa = XCBuildConfiguration;
			baseConfigurationReference = 0F4BFFE6CCB8E792774A6E76 /* Pods-poclink-app.debug.xcconfig */;
			buildSettings = {
				ASSETCATALOG_COMPILER_APPICON_NAME = AppIcon;
				ASSETCATALOG_COMPILER_GLOBAL_ACCENT_COLOR_NAME = AccentColor;
				CODE_SIGN_STYLE = Automatic;
				CURRENT_PROJECT_VERSION = 1;
				DEVELOPMENT_TEAM = L5L6E4WKJD;
				EXCLUDED_ARCHS = "";
				FRAMEWORK_SEARCH_PATHS = (
					"$(inherited)",
					"$(PROJECT_DIR)/poclink-app",
					"$(PROJECT_DIR)/Frameworks",
				);
				GENERATE_INFOPLIST_FILE = YES;
				INFOPLIST_FILE = "poclink-app/Info.plist";
				INFOPLIST_KEY_UIApplicationSupportsIndirectInputEvents = YES;
				INFOPLIST_KEY_UILaunchStoryboardName = LaunchScreen;
				INFOPLIST_KEY_UISupportedInterfaceOrientations_iPad = "UIInterfaceOrientationPortrait UIInterfaceOrientationPortraitUpsideDown UIInterfaceOrientationLandscapeLeft UIInterfaceOrientationLandscapeRight";
				INFOPLIST_KEY_UISupportedInterfaceOrientations_iPhone = "UIInterfaceOrientationPortrait UIInterfaceOrientationLandscapeLeft UIInterfaceOrientationLandscapeRight";
				LD_RUNPATH_SEARCH_PATHS = (
					"$(inherited)",
					"@executable_path/Frameworks",
				);
				MARKETING_VERSION = 1.0;
				PRODUCT_BUNDLE_IDENTIFIER = "wangdragon.poclink-app";
				PRODUCT_NAME = "$(TARGET_NAME)";
				STRING_CATALOG_GENERATE_SYMBOLS = YES;
				SWIFT_EMIT_LOC_STRINGS = YES;
				TARGETED_DEVICE_FAMILY = "1,2";
			};
			name = Debug;
		};
		7585F4562FB9B6BF00129B0C /* Release */ = {
			isa = XCBuildConfiguration;
			baseConfigurationReference = EEA8675744585D10E9864ED7 /* Pods-poclink-app.release.xcconfig */;
			buildSettings = {
				ASSETCATALOG_COMPILER_APPICON_NAME = AppIcon;
				ASSETCATALOG_COMPILER_GLOBAL_ACCENT_COLOR_NAME = AccentColor;
				CODE_SIGN_STYLE = Automatic;
				CURRENT_PROJECT_VERSION = 1;
				DEVELOPMENT_TEAM = L5L6E4WKJD;
				EXCLUDED_ARCHS = "";
				FRAMEWORK_SEARCH_PATHS = (
					"$(inherited)",
					"$(PROJECT_DIR)/poclink-app",
					"$(PROJECT_DIR)/Frameworks",
				);
				GENERATE_INFOPLIST_FILE = YES;
				INFOPLIST_FILE = "poclink-app/Info.plist";
				INFOPLIST_KEY_UIApplicationSupportsIndirectInputEvents = YES;
				INFOPLIST_KEY_UILaunchStoryboardName = LaunchScreen;
				INFOPLIST_KEY_UISupportedInterfaceOrientations_iPad = "UIInterfaceOrientationPortrait UIInterfaceOrientationPortraitUpsideDown UIInterfaceOrientationLandscapeLeft UIInterfaceOrientationLandscapeRight";
				INFOPLIST_KEY_UISupportedInterfaceOrientations_iPhone = "UIInterfaceOrientationPortrait UIInterfaceOrientationLandscapeLeft UIInterfaceOrientationLandscapeRight";
				LD_RUNPATH_SEARCH_PATHS = (
					"$(inherited)",
					"@executable_path/Frameworks",
				);
				MARKETING_VERSION = 1.0;
				PRODUCT_BUNDLE_IDENTIFIER = "wangdragon.poclink-app";
				PRODUCT_NAME = "$(TARGET_NAME)";
				STRING_CATALOG_GENERATE_SYMBOLS = YES;
				SWIFT_EMIT_LOC_STRINGS = YES;
				TARGETED_DEVICE_FAMILY = "1,2";
			};
			name = Release;
		};
		7585F4572FB9B6BF00129B0C /* Debug */ = {
			isa = XCBuildConfiguration;
			buildSettings = {
				ALWAYS_SEARCH_USER_PATHS = NO;
				ASSETCATALOG_COMPILER_GENERATE_SWIFT_ASSET_SYMBOL_EXTENSIONS = YES;
				CLANG_ANALYZER_NONNULL = YES;
				CLANG_ANALYZER_NUMBER_OBJECT_CONVERSION = YES_AGGRESSIVE;
				CLANG_CXX_LANGUAGE_STANDARD = "c++20";
				CLANG_ENABLE_MODULES = YES;
				CLANG_ENABLE_OBJC_ARC = YES;
				CLANG_ENABLE_OBJC_WEAK = YES;
				CLANG_WARN_BLOCK_CAPTURE_AUTORELEASING = YES;
				CLANG_WARN_BOOL_CONVERSION = YES;
				CLANG_WARN_COMMA = YES;
				CLANG_WARN_CONSTANT_CONVERSION = YES;
				CLANG_WARN_DEPRECATED_OBJC_IMPLEMENTATIONS = YES;
				CLANG_WARN_DIRECT_OBJC_ISA_USAGE = YES_ERROR;
				CLANG_WARN_DOCUMENTATION_COMMENTS = YES;
				CLANG_WARN_EMPTY_BODY = YES;
				CLANG_WARN_ENUM_CONVERSION = YES;
				CLANG_WARN_INFINITE_RECURSION = YES;
				CLANG_WARN_INT_CONVERSION = YES;
				CLANG_WARN_NON_LITERAL_NULL_CONVERSION = YES;
				CLANG_WARN_OBJC_IMPLICIT_RETAIN_SELF = YES;
				CLANG_WARN_OBJC_LITERAL_CONVERSION = YES;
				CLANG_WARN_OBJC_ROOT_CLASS = YES_ERROR;
				CLANG_WARN_QUOTED_INCLUDE_IN_FRAMEWORK_HEADER = YES;
				CLANG_WARN_RANGE_LOOP_ANALYSIS = YES;
				CLANG_WARN_STRICT_PROTOTYPES = YES;
				CLANG_WARN_SUSPICIOUS_MOVE = YES;
				CLANG_WARN_UNGUARDED_AVAILABILITY = YES_AGGRESSIVE;
				CLANG_WARN_UNREACHABLE_CODE = YES;
				CLANG_WARN__DUPLICATE_METHOD_MATCH = YES;
				COPY_PHASE_STRIP = NO;
				DEBUG_INFORMATION_FORMAT = dwarf;
				DEVELOPMENT_TEAM = L5L6E4WKJD;
				ENABLE_STRICT_OBJC_MSGSEND = YES;
				ENABLE_TESTABILITY = YES;
				ENABLE_USER_SCRIPT_SANDBOXING = NO;
				GCC_C_LANGUAGE_STANDARD = gnu17;
				GCC_DYNAMIC_NO_PIC = NO;
				GCC_NO_COMMON_BLOCKS = YES;
				GCC_OPTIMIZATION_LEVEL = 0;
				GCC_PREPROCESSOR_DEFINITIONS = (
					"DEBUG=1",
					"$(inherited)",
				);
				GCC_WARN_64_TO_32_BIT_CONVERSION = YES;
				GCC_WARN_ABOUT_RETURN_TYPE = YES_ERROR;
				GCC_WARN_UNDECLARED_SELECTOR = YES;
				GCC_WARN_UNINITIALIZED_AUTOS = YES_AGGRESSIVE;
				GCC_WARN_UNUSED_FUNCTION = YES;
				GCC_WARN_UNUSED_VARIABLE = YES;
				IPHONEOS_DEPLOYMENT_TARGET = 26.2;
				LOCALIZATION_PREFERS_STRING_CATALOGS = YES;
				MTL_ENABLE_DEBUG_INFO = INCLUDE_SOURCE;
				MTL_FAST_MATH = YES;
				ONLY_ACTIVE_ARCH = YES;
				REACT_NATIVE_PATH = "${PODS_ROOT}/../../poclink-js/node_modules/react-native";
				SDKROOT = iphoneos;
				SWIFT_ACTIVE_COMPILATION_CONDITIONS = "$(inherited) DEBUG";
				USE_HERMES = true;
			};
			name = Debug;
		};
		7585F4582FB9B6BF00129B0C /* Release */ = {
			isa = XCBuildConfiguration;
			buildSettings = {
				ALWAYS_SEARCH_USER_PATHS = NO;
				ASSETCATALOG_COMPILER_GENERATE_SWIFT_ASSET_SYMBOL_EXTENSIONS = YES;
				CLANG_ANALYZER_NONNULL = YES;
				CLANG_ANALYZER_NUMBER_OBJECT_CONVERSION = YES_AGGRESSIVE;
				CLANG_CXX_LANGUAGE_STANDARD = "c++20";
				CLANG_ENABLE_MODULES = YES;
				CLANG_ENABLE_OBJC_ARC = YES;
				CLANG_ENABLE_OBJC_WEAK = YES;
				CLANG_WARN_BLOCK_CAPTURE_AUTORELEASING = YES;
				CLANG_WARN_BOOL_CONVERSION = YES;
				CLANG_WARN_COMMA = YES;
				CLANG_WARN_CONSTANT_CONVERSION = YES;
				CLANG_WARN_DEPRECATED_OBJC_IMPLEMENTATIONS = YES;
				CLANG_WARN_DIRECT_OBJC_ISA_USAGE = YES_ERROR;
				CLANG_WARN_DOCUMENTATION_COMMENTS = YES;
				CLANG_WARN_EMPTY_BODY = YES;
				CLANG_WARN_ENUM_CONVERSION = YES;
				CLANG_WARN_INFINITE_RECURSION = YES;
				CLANG_WARN_INT_CONVERSION = YES;
				CLANG_WARN_NON_LITERAL_NULL_CONVERSION = YES;
				CLANG_WARN_OBJC_IMPLICIT_RETAIN_SELF = YES;
				CLANG_WARN_OBJC_LITERAL_CONVERSION = YES;
				CLANG_WARN_OBJC_ROOT_CLASS = YES_ERROR;
				CLANG_WARN_QUOTED_INCLUDE_IN_FRAMEWORK_HEADER = YES;
				CLANG_WARN_RANGE_LOOP_ANALYSIS = YES;
				CLANG_WARN_STRICT_PROTOTYPES = YES;
				CLANG_WARN_SUSPICIOUS_MOVE = YES;
				CLANG_WARN_UNGUARDED_AVAILABILITY = YES_AGGRESSIVE;
				CLANG_WARN_UNREACHABLE_CODE = YES;
				CLANG_WARN__DUPLICATE_METHOD_MATCH = YES;
				COPY_PHASE_STRIP = NO;
				DEBUG_INFORMATION_FORMAT = "dwarf-with-dsym";
				DEVELOPMENT_TEAM = L5L6E4WKJD;
				ENABLE_NS_ASSERTIONS = NO;
				ENABLE_STRICT_OBJC_MSGSEND = YES;
				ENABLE_USER_SCRIPT_SANDBOXING = NO;
				GCC_C_LANGUAGE_STANDARD = gnu17;
				GCC_NO_COMMON_BLOCKS = YES;
				GCC_WARN_64_TO_32_BIT_CONVERSION = YES;
				GCC_WARN_ABOUT_RETURN_TYPE = YES_ERROR;
				GCC_WARN_UNDECLARED_SELECTOR = YES;
				GCC_WARN_UNINITIALIZED_AUTOS = YES_AGGRESSIVE;
				GCC_WARN_UNUSED_FUNCTION = YES;
				GCC_WARN_UNUSED_VARIABLE = YES;
				IPHONEOS_DEPLOYMENT_TARGET = 26.2;
				LOCALIZATION_PREFERS_STRING_CATALOGS = YES;
				MTL_ENABLE_DEBUG_INFO = NO;
				MTL_FAST_MATH = YES;
				REACT_NATIVE_PATH = "${PODS_ROOT}/../../poclink-js/node_modules/react-native";
				SDKROOT = iphoneos;
				USE_HERMES = true;
				VALIDATE_PRODUCT = YES;
			};
			name = Release;
		};
/* End XCBuildConfiguration section */

/* Begin XCConfigurationList section */
		7585F4372FB9B6B700129B0C /* Build configuration list for PBXProject "poclink-app" */ = {
			isa = XCConfigurationList;
			buildConfigurations = (
				7585F4572FB9B6BF00129B0C /* Debug */,
				7585F4582FB9B6BF00129B0C /* Release */,
			);
			defaultConfigurationIsVisible = 0;
			defaultConfigurationName = Release;
		};
		7585F4542FB9B6BF00129B0C /* Build configuration list for PBXNativeTarget "poclink-app" */ = {
			isa = XCConfigurationList;
			buildConfigurations = (
				7585F4552FB9B6BF00129B0C /* Debug */,
				7585F4562FB9B6BF00129B0C /* Release */,
			);
			defaultConfigurationIsVisible = 0;
			defaultConfigurationName = Release;
		};
/* End XCConfigurationList section */
	};
	rootObject = 7585F4342FB9B6B700129B0C /* Project object */;
}
